
Microsoft Visual Studio Solution File, Format Version 12.00
# Visual Studio Version 16
VisualStudioVersion = 16.0.34902.97
MinimumVisualStudioVersion = 10.0.40219.1
Project("{FAE04EC0-301F-11D3-BF4B-00C04F79EFBC}") = "talk_face_movie_timestamp2", "talk_face_movie_timestamp2\talk_face_movie_timestamp2.csproj", "{ED291881-42F5-4CAA-87A5-0E0017902E6C}"
EndProject
Global
	GlobalSection(SolutionConfigurationPlatforms) = preSolution
		Debug|Any CPU = Debug|Any CPU
		Release|Any CPU = Release|Any CPU
	EndGlobalSection
	GlobalSection(ProjectConfigurationPlatforms) = postSolution
		{ED291881-42F5-4CAA-87A5-0E0017902E6C}.Debug|Any CPU.ActiveCfg = Debug|Any CPU
		{ED291881-42F5-4CAA-87A5-0E0017902E6C}.Debug|Any CPU.Build.0 = Debug|Any CPU
		{ED291881-42F5-4CAA-87A5-0E0017902E6C}.Release|Any CPU.ActiveCfg = Release|Any CPU
		{ED291881-42F5-4CAA-87A5-0E0017902E6C}.Release|Any CPU.Build.0 = Release|Any CPU
	EndGlobalSection
	GlobalSection(SolutionProperties) = preSolution
		HideSolutionNode = FALSE
	EndGlobalSection
	GlobalSection(ExtensibilityGlobals) = postSolution
		SolutionGuid = {2A34E502-3D06-42A1-9FA4-C54C4B7A2F72}
	EndGlobalSection
EndGlobal
